
Microsoft Visual Studio Solution File, Format Version 12.00
# Visual Studio Version 17
VisualStudioVersion = 17.9.34616.47
MinimumVisualStudioVersion = 10.0.40219.1
Project("{FAE04EC0-301F-11D3-BF4B-00C04F79EFBC}") = "ExampleConsoleApp", "ExampleConsoleApp.csproj", "{AC64624B-7751-4033-9408-851F1F0BF297}"
EndProject
Global
	GlobalSection(SolutionConfigurationPlatforms) = preSolution
		Debug|Any CPU = Debug|Any CPU
		Release|Any CPU = Release|Any CPU
	EndGlobalSection
	GlobalSection(ProjectConfigurationPlatforms) = postSolution
		{AC64624B-7751-4033-9408-851F1F0BF297}.Debug|Any CPU.ActiveCfg = Debug|Any CPU
		{AC64624B-7751-4033-9408-851F1F0BF297}.Debug|Any CPU.Build.0 = Debug|Any CPU
		{AC64624B-7751-4033-9408-851F1F0BF297}.Release|Any CPU.ActiveCfg = Release|Any CPU
		{AC64624B-7751-4033-9408-851F1F0BF297}.Release|Any CPU.Build.0 = Release|Any CPU
	EndGlobalSection
	GlobalSection(SolutionProperties) = preSolution
		HideSolutionNode = FALSE
	EndGlobalSection
	GlobalSection(ExtensibilityGlobals) = postSolution
		SolutionGuid = {7B6E474F-B8D9-499E-890F-CC2FDE1F5F5E}
	EndGlobalSection
EndGlobal
